
Microsoft Visual Studio Solution File, Format Version 12.00
# Visual Studio Version 16
VisualStudioVersion = 16.0.30804.86
MinimumVisualStudioVersion = 10.0.40219.1
Project("{9A19103F-16F7-4668-BE54-9A1E7A4F7556}") = "InfoTrack.TechChallenge", "InfoTrack.TechChallenge\InfoTrack.TechChallenge.csproj", "{50FF9319-493F-4863-AB23-62B5A332DDEF}"
EndProject
Project("{2150E333-8FDC-42A3-9474-1A3956D46DE8}") = "Solution Items", "Solution Items", "{A0767821-8E78-435F-B365-5AF717CFCE16}"
	ProjectSection(SolutionItems) = preProject
		.editorconfig = .editorconfig
	EndProjectSection
EndProject
Project("{9A19103F-16F7-4668-BE54-9A1E7A4F7556}") = "InfoTrack.TechChallenge.Tests", "InfoTrack.TechChallenge.Tests\InfoTrack.TechChallenge.Tests.csproj", "{15698D8D-5872-471F-9FB6-A943B1581D25}"
EndProject
Project("{FAE04EC0-301F-11D3-BF4B-00C04F79EFBC}") = "InfoTrack.TechChallenge.TextWebScraperEngine", "InfoTrack.TechChallenge.TextWebScraperEngine\InfoTrack.TechChallenge.TextWebScraperEngine.csproj", "{6778EA95-CFBA-4CE2-96F1-34080DDD096E}"
EndProject
Project("{FAE04EC0-301F-11D3-BF4B-00C04F79EFBC}") = "InfoTrack.TechChallenge.Abstractions", "InfoTrack.TechChallenge.Abstractions\InfoTrack.TechChallenge.Abstractions.csproj", "{A11A76F5-E27C-4716-BDDE-E2934E6EABC6}"
EndProject
Global
	GlobalSection(SolutionConfigurationPlatforms) = preSolution
		Debug|Any CPU = Debug|Any CPU
		Release|Any CPU = Release|Any CPU
	EndGlobalSection
	GlobalSection(ProjectConfigurationPlatforms) = postSolution
		{50FF9319-493F-4863-AB23-62B5A332DDEF}.Debug|Any CPU.ActiveCfg = Debug|Any CPU
		{50FF9319-493F-4863-AB23-62B5A332DDEF}.Debug|Any CPU.Build.0 = Debug|Any CPU
		{50FF9319-493F-4863-AB23-62B5A332DDEF}.Release|Any CPU.ActiveCfg = Release|Any CPU
		{50FF9319-493F-4863-AB23-62B5A332DDEF}.Release|Any CPU.Build.0 = Release|Any CPU
		{15698D8D-5872-471F-9FB6-A943B1581D25}.Debug|Any CPU.ActiveCfg = Debug|Any CPU
		{15698D8D-5872-471F-9FB6-A943B1581D25}.Debug|Any CPU.Build.0 = Debug|Any CPU
		{15698D8D-5872-471F-9FB6-A943B1581D25}.Release|Any CPU.ActiveCfg = Release|Any CPU
		{15698D8D-5872-471F-9FB6-A943B1581D25}.Release|Any CPU.Build.0 = Release|Any CPU
		{6778EA95-CFBA-4CE2-96F1-34080DDD096E}.Debug|Any CPU.ActiveCfg = Debug|Any CPU
		{6778EA95-CFBA-4CE2-96F1-34080DDD096E}.Debug|Any CPU.Build.0 = Debug|Any CPU
		{6778EA95-CFBA-4CE2-96F1-34080DDD096E}.Release|Any CPU.ActiveCfg = Release|Any CPU
		{6778EA95-CFBA-4CE2-96F1-34080DDD096E}.Release|Any CPU.Build.0 = Release|Any CPU
		{A11A76F5-E27C-4716-BDDE-E2934E6EABC6}.Debug|Any CPU.ActiveCfg = Debug|Any CPU
		{A11A76F5-E27C-4716-BDDE-E2934E6EABC6}.Debug|Any CPU.Build.0 = Debug|Any CPU
		{A11A76F5-E27C-4716-BDDE-E2934E6EABC6}.Release|Any CPU.ActiveCfg = Release|Any CPU
		{A11A76F5-E27C-4716-BDDE-E2934E6EABC6}.Release|Any CPU.Build.0 = Release|Any CPU
	EndGlobalSection
	GlobalSection(SolutionProperties) = preSolution
		HideSolutionNode = FALSE
	EndGlobalSection
	GlobalSection(ExtensibilityGlobals) = postSolution
		SolutionGuid = {2C36F0EC-8AB6-48E1-B25E-87FBFCB57F9B}
	EndGlobalSection
EndGlobal
